
Microsoft Visual Studio Solution File, Format Version 12.00
Project("{FAE04EC0-301F-11D3-BF4B-00C04F79EFBC}") = "Presentation", "src\Presentation\Presentation.csproj", "{4B388BFA-35B5-493E-97B4-1CD0AFC47313}"
EndProject
Project("{2150E333-8FDC-42A3-9474-1A3956D46DE8}") = "Presentation", "Presentation", "{889DD59E-180B-411F-B13C-4C07D17E44D7}"
EndProject
Project("{2150E333-8FDC-42A3-9474-1A3956D46DE8}") = "Application", "Application", "{6FC92208-15DA-4D16-B8E8-B161EA121A55}"
EndProject
Project("{FAE04EC0-301F-11D3-BF4B-00C04F79EFBC}") = "Application", "src\Application\Application.csproj", "{F5716DCE-E7C2-453D-9F89-F745366B2A89}"
EndProject
Project("{2150E333-8FDC-42A3-9474-1A3956D46DE8}") = "Domain", "Domain", "{206A98FA-AB23-4C54-8223-13046581BBFE}"
EndProject
Project("{FAE04EC0-301F-11D3-BF4B-00C04F79EFBC}") = "Domain", "src\Domain\Domain.csproj", "{98D6C1F0-BE63-477C-89D2-10B374C4B793}"
EndProject
Project("{2150E333-8FDC-42A3-9474-1A3956D46DE8}") = "Infrastructure", "Infrastructure", "{45D7A7D2-EF92-41CC-A6C0-6BFBCBBF59E0}"
EndProject
Project("{FAE04EC0-301F-11D3-BF4B-00C04F79EFBC}") = "Infrastructure", "src\Infrastructure\Infrastructure.csproj", "{94C4AF93-5580-4D0A-9A8B-C5B01E5D1925}"
EndProject
Project("{2150E333-8FDC-42A3-9474-1A3956D46DE8}") = "src", "src", "{43A8474D-9483-4269-85F4-5E3DBBBB8A17}"
EndProject
Project("{2150E333-8FDC-42A3-9474-1A3956D46DE8}") = "tests", "tests", "{6D9AB8C9-B85E-474F-8F34-DBF6ADE1EF56}"
EndProject
Project("{2150E333-8FDC-42A3-9474-1A3956D46DE8}") = "Presentation", "Presentation", "{F7257985-F86D-4E1C-B6D0-E664E6020856}"
EndProject
Project("{FAE04EC0-301F-11D3-BF4B-00C04F79EFBC}") = "Presentation.Tests", "tests\Presentation.Tests\Presentation.Tests.csproj", "{AA11A671-ECD9-4184-8EE1-0719EDEDE3BB}"
EndProject
Project("{2150E333-8FDC-42A3-9474-1A3956D46DE8}") = "Application", "Application", "{78D4AEA6-BFE6-4D4F-8759-F0C76588FAEB}"
EndProject
Project("{FAE04EC0-301F-11D3-BF4B-00C04F79EFBC}") = "Application.Tests", "tests\Application.Tests\Application.Tests.csproj", "{CAE4F3F0-3020-4A14-8E15-67D22C0CAD89}"
EndProject
Project("{2150E333-8FDC-42A3-9474-1A3956D46DE8}") = "Domain", "Domain", "{A757ED10-FEF4-4368-B6A2-6C72B24B9033}"
EndProject
Project("{FAE04EC0-301F-11D3-BF4B-00C04F79EFBC}") = "Domain.Tests", "tests\Domain.Tests\Domain.Tests.csproj", "{92C5EC88-3FBD-43CC-AA97-E4EEA3FC2DCF}"
EndProject
Project("{2150E333-8FDC-42A3-9474-1A3956D46DE8}") = "Infrastructure", "Infrastructure", "{F19F3CA7-AC09-4368-AD6A-16829DC5A7A5}"
EndProject
Project("{FAE04EC0-301F-11D3-BF4B-00C04F79EFBC}") = "Infrastructure.Tests", "tests\Infrastructure.Tests\Infrastructure.Tests.csproj", "{DB330974-3ACB-4CFB-9627-AEC2A39BD62F}"
EndProject
Global
	GlobalSection(SolutionConfigurationPlatforms) = preSolution
		Debug|Any CPU = Debug|Any CPU
		Release|Any CPU = Release|Any CPU
	EndGlobalSection
	GlobalSection(ProjectConfigurationPlatforms) = postSolution
		{4B388BFA-35B5-493E-97B4-1CD0AFC47313}.Debug|Any CPU.ActiveCfg = Debug|Any CPU
		{4B388BFA-35B5-493E-97B4-1CD0AFC47313}.Debug|Any CPU.Build.0 = Debug|Any CPU
		{4B388BFA-35B5-493E-97B4-1CD0AFC47313}.Release|Any CPU.ActiveCfg = Release|Any CPU
		{4B388BFA-35B5-493E-97B4-1CD0AFC47313}.Release|Any CPU.Build.0 = Release|Any CPU
		{F5716DCE-E7C2-453D-9F89-F745366B2A89}.Debug|Any CPU.ActiveCfg = Debug|Any CPU
		{F5716DCE-E7C2-453D-9F89-F745366B2A89}.Debug|Any CPU.Build.0 = Debug|Any CPU
		{F5716DCE-E7C2-453D-9F89-F745366B2A89}.Release|Any CPU.ActiveCfg = Release|Any CPU
		{F5716DCE-E7C2-453D-9F89-F745366B2A89}.Release|Any CPU.Build.0 = Release|Any CPU
		{98D6C1F0-BE63-477C-89D2-10B374C4B793}.Debug|Any CPU.ActiveCfg = Debug|Any CPU
		{98D6C1F0-BE63-477C-89D2-10B374C4B793}.Debug|Any CPU.Build.0 = Debug|Any CPU
		{98D6C1F0-BE63-477C-89D2-10B374C4B793}.Release|Any CPU.ActiveCfg = Release|Any CPU
		{98D6C1F0-BE63-477C-89D2-10B374C4B793}.Release|Any CPU.Build.0 = Release|Any CPU
		{94C4AF93-5580-4D0A-9A8B-C5B01E5D1925}.Debug|Any CPU.ActiveCfg = Debug|Any CPU
		{94C4AF93-5580-4D0A-9A8B-C5B01E5D1925}.Debug|Any CPU.Build.0 = Debug|Any CPU
		{94C4AF93-5580-4D0A-9A8B-C5B01E5D1925}.Release|Any CPU.ActiveCfg = Release|Any CPU
		{94C4AF93-5580-4D0A-9A8B-C5B01E5D1925}.Release|Any CPU.Build.0 = Release|Any CPU
		{AA11A671-ECD9-4184-8EE1-0719EDEDE3BB}.Debug|Any CPU.ActiveCfg = Debug|Any CPU
		{AA11A671-ECD9-4184-8EE1-0719EDEDE3BB}.Debug|Any CPU.Build.0 = Debug|Any CPU
		{AA11A671-ECD9-4184-8EE1-0719EDEDE3BB}.Release|Any CPU.ActiveCfg = Release|Any CPU
		{AA11A671-ECD9-4184-8EE1-0719EDEDE3BB}.Release|Any CPU.Build.0 = Release|Any CPU
		{CAE4F3F0-3020-4A14-8E15-67D22C0CAD89}.Debug|Any CPU.ActiveCfg = Debug|Any CPU
		{CAE4F3F0-3020-4A14-8E15-67D22C0CAD89}.Debug|Any CPU.Build.0 = Debug|Any CPU
		{CAE4F3F0-3020-4A14-8E15-67D22C0CAD89}.Release|Any CPU.ActiveCfg = Release|Any CPU
		{CAE4F3F0-3020-4A14-8E15-67D22C0CAD89}.Release|Any CPU.Build.0 = Release|Any CPU
		{92C5EC88-3FBD-43CC-AA97-E4EEA3FC2DCF}.Debug|Any CPU.ActiveCfg = Debug|Any CPU
		{92C5EC88-3FBD-43CC-AA97-E4EEA3FC2DCF}.Debug|Any CPU.Build.0 = Debug|Any CPU
		{92C5EC88-3FBD-43CC-AA97-E4EEA3FC2DCF}.Release|Any CPU.ActiveCfg = Release|Any CPU
		{92C5EC88-3FBD-43CC-AA97-E4EEA3FC2DCF}.Release|Any CPU.Build.0 = Release|Any CPU
		{DB330974-3ACB-4CFB-9627-AEC2A39BD62F}.Debug|Any CPU.ActiveCfg = Debug|Any CPU
		{DB330974-3ACB-4CFB-9627-AEC2A39BD62F}.Debug|Any CPU.Build.0 = Debug|Any CPU
		{DB330974-3ACB-4CFB-9627-AEC2A39BD62F}.Release|Any CPU.ActiveCfg = Release|Any CPU
		{DB330974-3ACB-4CFB-9627-AEC2A39BD62F}.Release|Any CPU.Build.0 = Release|Any CPU
	EndGlobalSection
	GlobalSection(NestedProjects) = preSolution
		{4B388BFA-35B5-493E-97B4-1CD0AFC47313} = {889DD59E-180B-411F-B13C-4C07D17E44D7}
		{F5716DCE-E7C2-453D-9F89-F745366B2A89} = {6FC92208-15DA-4D16-B8E8-B161EA121A55}
		{98D6C1F0-BE63-477C-89D2-10B374C4B793} = {206A98FA-AB23-4C54-8223-13046581BBFE}
		{94C4AF93-5580-4D0A-9A8B-C5B01E5D1925} = {45D7A7D2-EF92-41CC-A6C0-6BFBCBBF59E0}
		{6FC92208-15DA-4D16-B8E8-B161EA121A55} = {43A8474D-9483-4269-85F4-5E3DBBBB8A17}
		{206A98FA-AB23-4C54-8223-13046581BBFE} = {43A8474D-9483-4269-85F4-5E3DBBBB8A17}
		{45D7A7D2-EF92-41CC-A6C0-6BFBCBBF59E0} = {43A8474D-9483-4269-85F4-5E3DBBBB8A17}
		{889DD59E-180B-411F-B13C-4C07D17E44D7} = {43A8474D-9483-4269-85F4-5E3DBBBB8A17}
		{F7257985-F86D-4E1C-B6D0-E664E6020856} = {6D9AB8C9-B85E-474F-8F34-DBF6ADE1EF56}
		{AA11A671-ECD9-4184-8EE1-0719EDEDE3BB} = {F7257985-F86D-4E1C-B6D0-E664E6020856}
		{78D4AEA6-BFE6-4D4F-8759-F0C76588FAEB} = {6D9AB8C9-B85E-474F-8F34-DBF6ADE1EF56}
		{CAE4F3F0-3020-4A14-8E15-67D22C0CAD89} = {78D4AEA6-BFE6-4D4F-8759-F0C76588FAEB}
		{A757ED10-FEF4-4368-B6A2-6C72B24B9033} = {6D9AB8C9-B85E-474F-8F34-DBF6ADE1EF56}
		{92C5EC88-3FBD-43CC-AA97-E4EEA3FC2DCF} = {A757ED10-FEF4-4368-B6A2-6C72B24B9033}
		{F19F3CA7-AC09-4368-AD6A-16829DC5A7A5} = {6D9AB8C9-B85E-474F-8F34-DBF6ADE1EF56}
		{DB330974-3ACB-4CFB-9627-AEC2A39BD62F} = {F19F3CA7-AC09-4368-AD6A-16829DC5A7A5}
	EndGlobalSection
EndGlobal
